// !$*UTF8*$!
{
	archiveVersion = 1;
	classes = {
	};
	objectVersion = 50;
	objects = {

/* Begin PBXBuildFile section */
		2101390826BA6B4300110060 /* WeatherApp.swift in Sources */ = {isa = PBXBuildFile; fileRef = 2101390726BA6B4300110060 /* WeatherApp.swift */; };
		2101390A26BA6B4300110060 /* StartView.swift in Sources */ = {isa = PBXBuildFile; fileRef = 2101390926BA6B4300110060 /* StartView.swift */; };
		2101390F26BA6B4400110060 /* Preview Assets.xcassets in Resources */ = {isa = PBXBuildFile; fileRef = 2101390E26BA6B4400110060 /* Preview Assets.xcassets */; };
		2101391926BA855800110060 /* CityView.swift in Sources */ = {isa = PBXBuildFile; fileRef = 2101391826BA855800110060 /* CityView.swift */; };
		2101391D26BAF8D100110060 /* WeatherData.swift in Sources */ = {isa = PBXBuildFile; fileRef = 2101391C26BAF8D100110060 /* WeatherData.swift */; };
		212E1E06275B32B900922C86 /* ForecastData.swift in Sources */ = {isa = PBXBuildFile; fileRef = 212E1E05275B32B900922C86 /* ForecastData.swift */; };
		213763A726D3AB8200FDF3AC /* AddView.swift in Sources */ = {isa = PBXBuildFile; fileRef = 213763A626D3AB8200FDF3AC /* AddView.swift */; };
		213763AB26D4013A00FDF3AC /* CityData.swift in Sources */ = {isa = PBXBuildFile; fileRef = 213763AA26D4013A00FDF3AC /* CityData.swift */; };
		2171B7D726D28F8E00858B9E /* Montserrat-LightItalic.ttf in Resources */ = {isa = PBXBuildFile; fileRef = 2171B7C426D28F8E00858B9E /* Montserrat-LightItalic.ttf */; };
		2171B7D826D28F8E00858B9E /* Montserrat-Medium.ttf in Resources */ = {isa = PBXBuildFile; fileRef = 2171B7C526D28F8E00858B9E /* Montserrat-Medium.ttf */; };
		2171B7DA26D28F8E00858B9E /* Montserrat-Light.ttf in Resources */ = {isa = PBXBuildFile; fileRef = 2171B7C726D28F8E00858B9E /* Montserrat-Light.ttf */; };
		2171B7DB26D28F8E00858B9E /* Montserrat-ThinItalic.ttf in Resources */ = {isa = PBXBuildFile; fileRef = 2171B7C826D28F8E00858B9E /* Montserrat-ThinItalic.ttf */; };
		2171B7DC26D28F8E00858B9E /* Montserrat-ExtraLight.ttf in Resources */ = {isa = PBXBuildFile; fileRef = 2171B7C926D28F8E00858B9E /* Montserrat-ExtraLight.ttf */; };
		2171B7DD26D28F8E00858B9E /* Montserrat-Thin.ttf in Resources */ = {isa = PBXBuildFile; fileRef = 2171B7CA26D28F8E00858B9E /* Montserrat-Thin.ttf */; };
		2171B7DE26D28F8E00858B9E /* Montserrat-Bold.ttf in Resources */ = {isa = PBXBuildFile; fileRef = 2171B7CB26D28F8E00858B9E /* Montserrat-Bold.ttf */; };
		2171B7DF26D28F8E00858B9E /* Montserrat-MediumItalic.ttf in Resources */ = {isa = PBXBuildFile; fileRef = 2171B7CC26D28F8E00858B9E /* Montserrat-MediumItalic.ttf */; };
		2171B7E026D28F8E00858B9E /* Montserrat-BlackItalic.ttf in Resources */ = {isa = PBXBuildFile; fileRef = 2171B7CD26D28F8E00858B9E /* Montserrat-BlackItalic.ttf */; };
		2171B7E126D28F8E00858B9E /* Montserrat-SemiBold.ttf in Resources */ = {isa = PBXBuildFile; fileRef = 2171B7CE26D28F8E00858B9E /* Montserrat-SemiBold.ttf */; };
		2171B7E226D28F8E00858B9E /* Montserrat-ExtraLightItalic.ttf in Resources */ = {isa = PBXBuildFile; fileRef = 2171B7CF26D28F8E00858B9E /* Montserrat-ExtraLightItalic.ttf */; };
		2171B7E326D28F8E00858B9E /* Montserrat-ExtraBold.ttf in Resources */ = {isa = PBXBuildFile; fileRef = 2171B7D026D28F8E00858B9E /* Montserrat-ExtraBold.ttf */; };
		2171B7E426D28F8E00858B9E /* OFL.txt in Resources */ = {isa = PBXBuildFile; fileRef = 2171B7D126D28F8E00858B9E /* OFL.txt */; };
		2171B7E526D28F8E00858B9E /* Montserrat-Black.ttf in Resources */ = {isa = PBXBuildFile; fileRef = 2171B7D226D28F8E00858B9E /* Montserrat-Black.ttf */; };
		2171B7E626D28F8E00858B9E /* Montserrat-Regular.ttf in Resources */ = {isa = PBXBuildFile; fileRef = 2171B7D326D28F8E00858B9E /* Montserrat-Regular.ttf */; };
		2171B7E726D28F8E00858B9E /* Montserrat-Italic.ttf in Resources */ = {isa = PBXBuildFile; fileRef = 2171B7D426D28F8E00858B9E /* Montserrat-Italic.ttf */; };
		2171B7E826D28F8E00858B9E /* Montserrat-SemiBoldItalic.ttf in Resources */ = {isa = PBXBuildFile; fileRef = 2171B7D526D28F8E00858B9E /* Montserrat-SemiBoldItalic.ttf */; };
		2171B7E926D28F8E00858B9E /* Montserrat-ExtraBoldItalic.ttf in Resources */ = {isa = PBXBuildFile; fileRef = 2171B7D626D28F8E00858B9E /* Montserrat-ExtraBoldItalic.ttf */; };
		21782B2326C41C1A000C0603 /* MainCityWeatherView.swift in Sources */ = {isa = PBXBuildFile; fileRef = 21782B2226C41C1A000C0603 /* MainCityWeatherView.swift */; };
		21782B2526C41C63000C0603 /* CityWeatherView.swift in Sources */ = {isa = PBXBuildFile; fileRef = 21782B2426C41C63000C0603 /* CityWeatherView.swift */; };
		2179C40626BCE64D00172FF1 /* Array.swift in Sources */ = {isa = PBXBuildFile; fileRef = 2179C40526BCE64D00172FF1 /* Array.swift */; };
		219D777C26D22535006998C0 /* Assets.xcassets in Resources */ = {isa = PBXBuildFile; fileRef = 2101390B26BA6B4400110060 /* Assets.xcassets */; };
		21E2C06F26D690B7003589FD /* CountryPool.swift in Sources */ = {isa = PBXBuildFile; fileRef = 21E2C06E26D690B7003589FD /* CountryPool.swift */; };
		21E2C07126D6AF6E003589FD /* DetailedCityView.swift in Sources */ = {isa = PBXBuildFile; fileRef = 21E2C07026D6AF6E003589FD /* DetailedCityView.swift */; };
		21F7704B26BC4CCD00CBA8DC /* Date.swift in Sources */ = {isa = PBXBuildFile; fileRef = 21F7704A26BC4CCD00CBA8DC /* Date.swift */; };
/* End PBXBuildFile section */

/* Begin PBXFileReference section */
		2101390426BA6B4300110060 /* WeatherApp.app */ = {isa = PBXFileReference; explicitFileType = wrapper.application; includeInIndex = 0; path = WeatherApp.app; sourceTree = BUILT_PRODUCTS_DIR; };
		2101390726BA6B4300110060 /* WeatherApp.swift */ = {isa = PBXFileReference; lastKnownFileType = sourcecode.swift; path = WeatherApp.swift; sourceTree = "<group>"; };
		2101390926BA6B4300110060 /* StartView.swift */ = {isa = PBXFileReference; lastKnownFileType = sourcecode.swift; path = StartView.swift; sourceTree = "<group>"; };
		2101390B26BA6B4400110060 /* Assets.xcassets */ = {isa = PBXFileReference; lastKnownFileType = folder.assetcatalog; path = Assets.xcassets; sourceTree = "<group>"; };
		2101390E26BA6B4400110060 /* Preview Assets.xcassets */ = {isa = PBXFileReference; lastKnownFileType = folder.assetcatalog; path = "Preview Assets.xcassets"; sourceTree = "<group>"; };
		2101391026BA6B4400110060 /* Info.plist */ = {isa = PBXFileReference; lastKnownFileType = text.plist.xml; path = Info.plist; sourceTree = "<group>"; };
		2101391826BA855800110060 /* CityView.swift */ = {isa = PBXFileReference; lastKnownFileType = sourcecode.swift; path = CityView.swift; sourceTree = "<group>"; };
		2101391C26BAF8D100110060 /* WeatherData.swift */ = {isa = PBXFileReference; lastKnownFileType = sourcecode.swift; path = WeatherData.swift; sourceTree = "<group>"; };
		212E1E05275B32B900922C86 /* ForecastData.swift */ = {isa = PBXFileReference; lastKnownFileType = sourcecode.swift; path = ForecastData.swift; sourceTree = "<group>"; };
		213763A626D3AB8200FDF3AC /* AddView.swift */ = {isa = PBXFileReference; lastKnownFileType = sourcecode.swift; path = AddView.swift; sourceTree = "<group>"; };
		213763AA26D4013A00FDF3AC /* CityData.swift */ = {isa = PBXFileReference; lastKnownFileType = sourcecode.swift; path = CityData.swift; sourceTree = "<group>"; };
		2171B7C426D28F8E00858B9E /* Montserrat-LightItalic.ttf */ = {isa = PBXFileReference; lastKnownFileType = file; path = "Montserrat-LightItalic.ttf"; sourceTree = "<group>"; };
		2171B7C526D28F8E00858B9E /* Montserrat-Medium.ttf */ = {isa = PBXFileReference; lastKnownFileType = file; path = "Montserrat-Medium.ttf"; sourceTree = "<group>"; };
		2171B7C726D28F8E00858B9E /* Montserrat-Light.ttf */ = {isa = PBXFileReference; lastKnownFileType = file; path = "Montserrat-Light.ttf"; sourceTree = "<group>"; };
		2171B7C826D28F8E00858B9E /* Montserrat-ThinItalic.ttf */ = {isa = PBXFileReference; lastKnownFileType = file; path = "Montserrat-ThinItalic.ttf"; sourceTree = "<group>"; };
		2171B7C926D28F8E00858B9E /* Montserrat-ExtraLight.ttf */ = {isa = PBXFileReference; lastKnownFileType = file; path = "Montserrat-ExtraLight.ttf"; sourceTree = "<group>"; };
		2171B7CA26D28F8E00858B9E /* Montserrat-Thin.ttf */ = {isa = PBXFileReference; lastKnownFileType = file; path = "Montserrat-Thin.ttf"; sourceTree = "<group>"; };
		2171B7CB26D28F8E00858B9E /* Montserrat-Bold.ttf */ = {isa = PBXFileReference; lastKnownFileType = file; path = "Montserrat-Bold.ttf"; sourceTree = "<group>"; };
		2171B7CC26D28F8E00858B9E /* Montserrat-MediumItalic.ttf */ = {isa = PBXFileReference; lastKnownFileType = file; path = "Montserrat-MediumItalic.ttf"; sourceTree = "<group>"; };
		2171B7CD26D28F8E00858B9E /* Montserrat-BlackItalic.ttf */ = {isa = PBXFileReference; lastKnownFileType = file; path = "Montserrat-BlackItalic.ttf"; sourceTree = "<group>"; };
		2171B7CE26D28F8E00858B9E /* Montserrat-SemiBold.ttf */ = {isa = PBXFileReference; lastKnownFileType = file; path = "Montserrat-SemiBold.ttf"; sourceTree = "<group>"; };
		2171B7CF26D28F8E00858B9E /* Montserrat-ExtraLightItalic.ttf */ = {isa = PBXFileReference; lastKnownFileType = file; path = "Montserrat-ExtraLightItalic.ttf"; sourceTree = "<group>"; };
		2171B7D026D28F8E00858B9E /* Montserrat-ExtraBold.ttf */ = {isa = PBXFileReference; lastKnownFileType = file; path = "Montserrat-ExtraBold.ttf"; sourceTree = "<group>"; };
		2171B7D126D28F8E00858B9E /* OFL.txt */ = {isa = PBXFileReference; fileEncoding = 4; lastKnownFileType = text; path = OFL.txt; sourceTree = "<group>"; };
		2171B7D226D28F8E00858B9E /* Montserrat-Black.ttf */ = {isa = PBXFileReference; lastKnownFileType = file; path = "Montserrat-Black.ttf"; sourceTree = "<group>"; };
		2171B7D326D28F8E00858B9E /* Montserrat-Regular.ttf */ = {isa = PBXFileReference; lastKnownFileType = file; path = "Montserrat-Regular.ttf"; sourceTree = "<group>"; };
		2171B7D426D28F8E00858B9E /* Montserrat-Italic.ttf */ = {isa = PBXFileReference; lastKnownFileType = file; path = "Montserrat-Italic.ttf"; sourceTree = "<group>"; };
		2171B7D526D28F8E00858B9E /* Montserrat-SemiBoldItalic.ttf */ = {isa = PBXFileReference; lastKnownFileType = file; path = "Montserrat-SemiBoldItalic.ttf"; sourceTree = "<group>"; };
		2171B7D626D28F8E00858B9E /* Montserrat-ExtraBoldItalic.ttf */ = {isa = PBXFileReference; lastKnownFileType = file; path = "Montserrat-ExtraBoldItalic.ttf"; sourceTree = "<group>"; };
		21782B2226C41C1A000C0603 /* MainCityWeatherView.swift */ = {isa = PBXFileReference; lastKnownFileType = sourcecode.swift; path = MainCityWeatherView.swift; sourceTree = "<group>"; };
		21782B2426C41C63000C0603 /* CityWeatherView.swift */ = {isa = PBXFileReference; lastKnownFileType = sourcecode.swift; path = CityWeatherView.swift; sourceTree = "<group>"; };
		2179C40526BCE64D00172FF1 /* Array.swift */ = {isa = PBXFileReference; lastKnownFileType = sourcecode.swift; path = Array.swift; sourceTree = "<group>"; };
		21E2C06E26D690B7003589FD /* CountryPool.swift */ = {isa = PBXFileReference; lastKnownFileType = sourcecode.swift; path = CountryPool.swift; sourceTree = "<group>"; };
		21E2C07026D6AF6E003589FD /* DetailedCityView.swift */ = {isa = PBXFileReference; lastKnownFileType = sourcecode.swift; path = DetailedCityView.swift; sourceTree = "<group>"; };
		21F7704A26BC4CCD00CBA8DC /* Date.swift */ = {isa = PBXFileReference; lastKnownFileType = sourcecode.swift; path = Date.swift; sourceTree = "<group>"; };
/* End PBXFileReference section */

/* Begin PBXFrameworksBuildPhase section */
		2101390126BA6B4300110060 /* Frameworks */ = {
			isa = PBXFrameworksBuildPhase;
			buildActionMask = 2147483647;
			files = (
			);
			runOnlyForDeploymentPostprocessing = 0;
		};
/* End PBXFrameworksBuildPhase section */

/* Begin PBXGroup section */
		210138FB26BA6B4300110060 = {
			isa = PBXGroup;
			children = (
				2101390626BA6B4300110060 /* WeatherApp */,
				2101390526BA6B4300110060 /* Products */,
			);
			sourceTree = "<group>";
		};
		2101390526BA6B4300110060 /* Products */ = {
			isa = PBXGroup;
			children = (
				2101390426BA6B4300110060 /* WeatherApp.app */,
			);
			name = Products;
			sourceTree = "<group>";
		};
		2101390626BA6B4300110060 /* WeatherApp */ = {
			isa = PBXGroup;
			children = (
				2171B7C326D28F8E00858B9E /* Montserrat */,
				2101390726BA6B4300110060 /* WeatherApp.swift */,
				2101390926BA6B4300110060 /* StartView.swift */,
				2101391826BA855800110060 /* CityView.swift */,
				21782B2426C41C63000C0603 /* CityWeatherView.swift */,
				213763A626D3AB8200FDF3AC /* AddView.swift */,
				21E2C06E26D690B7003589FD /* CountryPool.swift */,
				2179C40526BCE64D00172FF1 /* Array.swift */,
				21F7704A26BC4CCD00CBA8DC /* Date.swift */,
				2101391C26BAF8D100110060 /* WeatherData.swift */,
				212E1E05275B32B900922C86 /* ForecastData.swift */,
				21E2C07026D6AF6E003589FD /* DetailedCityView.swift */,
				213763AA26D4013A00FDF3AC /* CityData.swift */,
				21782B2226C41C1A000C0603 /* MainCityWeatherView.swift */,
				2101390B26BA6B4400110060 /* Assets.xcassets */,
				2101391026BA6B4400110060 /* Info.plist */,
				2101390D26BA6B4400110060 /* Preview Content */,
			);
			path = WeatherApp;
			sourceTree = "<group>";
		};
		2101390D26BA6B4400110060 /* Preview Content */ = {
			isa = PBXGroup;
			children = (
				2101390E26BA6B4400110060 /* Preview Assets.xcassets */,
			);
			path = "Preview Content";
			sourceTree = "<group>";
		};
		2171B7C326D28F8E00858B9E /* Montserrat */ = {
			isa = PBXGroup;
			children = (
				2171B7C426D28F8E00858B9E /* Montserrat-LightItalic.ttf */,
				2171B7C526D28F8E00858B9E /* Montserrat-Medium.ttf */,
				2171B7C726D28F8E00858B9E /* Montserrat-Light.ttf */,
				2171B7C826D28F8E00858B9E /* Montserrat-ThinItalic.ttf */,
				2171B7C926D28F8E00858B9E /* Montserrat-ExtraLight.ttf */,
				2171B7CA26D28F8E00858B9E /* Montserrat-Thin.ttf */,
				2171B7CB26D28F8E00858B9E /* Montserrat-Bold.ttf */,
				2171B7CC26D28F8E00858B9E /* Montserrat-MediumItalic.ttf */,
				2171B7CD26D28F8E00858B9E /* Montserrat-BlackItalic.ttf */,
				2171B7CE26D28F8E00858B9E /* Montserrat-SemiBold.ttf */,
				2171B7CF26D28F8E00858B9E /* Montserrat-ExtraLightItalic.ttf */,
				2171B7D026D28F8E00858B9E /* Montserrat-ExtraBold.ttf */,
				2171B7D126D28F8E00858B9E /* OFL.txt */,
				2171B7D226D28F8E00858B9E /* Montserrat-Black.ttf */,
				2171B7D326D28F8E00858B9E /* Montserrat-Regular.ttf */,
				2171B7D426D28F8E00858B9E /* Montserrat-Italic.ttf */,
				2171B7D526D28F8E00858B9E /* Montserrat-SemiBoldItalic.ttf */,
				2171B7D626D28F8E00858B9E /* Montserrat-ExtraBoldItalic.ttf */,
			);
			path = Montserrat;
			sourceTree = "<group>";
		};
/* End PBXGroup section */

/* Begin PBXNativeTarget section */
		2101390326BA6B4300110060 /* WeatherApp */ = {
			isa = PBXNativeTarget;
			buildConfigurationList = 2101391326BA6B4400110060 /* Build configuration list for PBXNativeTarget "WeatherApp" */;
			buildPhases = (
				2101390026BA6B4300110060 /* Sources */,
				2101390126BA6B4300110060 /* Frameworks */,
				2101390226BA6B4300110060 /* Resources */,
			);
			buildRules = (
			);
			dependencies = (
			);
			name = WeatherApp;
			productName = WeatherApp;
			productReference = 2101390426BA6B4300110060 /* WeatherApp.app */;
			productType = "com.apple.product-type.application";
		};
/* End PBXNativeTarget section */

/* Begin PBXProject section */
		210138FC26BA6B4300110060 /* Project object */ = {
			isa = PBXProject;
			attributes = {
				LastSwiftUpdateCheck = 1250;
				LastUpgradeCheck = 1250;
				TargetAttributes = {
					2101390326BA6B4300110060 = {
						CreatedOnToolsVersion = 12.5.1;
					};
				};
			};
			buildConfigurationList = 210138FF26BA6B4300110060 /* Build configuration list for PBXProject "WeatherApp" */;
			compatibilityVersion = "Xcode 9.3";
			developmentRegion = en;
			hasScannedForEncodings = 0;
			knownRegions = (
				en,
				Base,
			);
			mainGroup = 210138FB26BA6B4300110060;
			productRefGroup = 2101390526BA6B4300110060 /* Products */;
			projectDirPath = "";
			projectRoot = "";
			targets = (
				2101390326BA6B4300110060 /* WeatherApp */,
			);
		};
/* End PBXProject section */

/* Begin PBXResourcesBuildPhase section */
		2101390226BA6B4300110060 /* Resources */ = {
			isa = PBXResourcesBuildPhase;
			buildActionMask = 2147483647;
			files = (
				2171B7E826D28F8E00858B9E /* Montserrat-SemiBoldItalic.ttf in Resources */,
				2171B7E426D28F8E00858B9E /* OFL.txt in Resources */,
				2171B7DD26D28F8E00858B9E /* Montserrat-Thin.ttf in Resources */,
				2171B7DA26D28F8E00858B9E /* Montserrat-Light.ttf in Resources */,
				2171B7E226D28F8E00858B9E /* Montserrat-ExtraLightItalic.ttf in Resources */,
				2171B7DB26D28F8E00858B9E /* Montserrat-ThinItalic.ttf in Resources */,
				2171B7E326D28F8E00858B9E /* Montserrat-ExtraBold.ttf in Resources */,
				2171B7E626D28F8E00858B9E /* Montserrat-Regular.ttf in Resources */,
				2171B7D726D28F8E00858B9E /* Montserrat-LightItalic.ttf in Resources */,
				2171B7DC26D28F8E00858B9E /* Montserrat-ExtraLight.ttf in Resources */,
				2171B7D826D28F8E00858B9E /* Montserrat-Medium.ttf in Resources */,
				2101390F26BA6B4400110060 /* Preview Assets.xcassets in Resources */,
				219D777C26D22535006998C0 /* Assets.xcassets in Resources */,
				2171B7E026D28F8E00858B9E /* Montserrat-BlackItalic.ttf in Resources */,
				2171B7E126D28F8E00858B9E /* Montserrat-SemiBold.ttf in Resources */,
				2171B7E726D28F8E00858B9E /* Montserrat-Italic.ttf in Resources */,
				2171B7DE26D28F8E00858B9E /* Montserrat-Bold.ttf in Resources */,
				2171B7DF26D28F8E00858B9E /* Montserrat-MediumItalic.ttf in Resources */,
				2171B7E526D28F8E00858B9E /* Montserrat-Black.ttf in Resources */,
				2171B7E926D28F8E00858B9E /* Montserrat-ExtraBoldItalic.ttf in Resources */,
			);
			runOnlyForDeploymentPostprocessing = 0;
		};
/* End PBXResourcesBuildPhase section */

/* Begin PBXSourcesBuildPhase section */
		2101390026BA6B4300110060 /* Sources */ = {
			isa = PBXSourcesBuildPhase;
			buildActionMask = 2147483647;
			files = (
				2101390A26BA6B4300110060 /* StartView.swift in Sources */,
				21E2C07126D6AF6E003589FD /* DetailedCityView.swift in Sources */,
				212E1E06275B32B900922C86 /* ForecastData.swift in Sources */,
				21F7704B26BC4CCD00CBA8DC /* Date.swift in Sources */,
				213763AB26D4013A00FDF3AC /* CityData.swift in Sources */,
				213763A726D3AB8200FDF3AC /* AddView.swift in Sources */,
				21E2C06F26D690B7003589FD /* CountryPool.swift in Sources */,
				2101391926BA855800110060 /* CityView.swift in Sources */,
				2179C40626BCE64D00172FF1 /* Array.swift in Sources */,
				21782B2526C41C63000C0603 /* CityWeatherView.swift in Sources */,
				2101391D26BAF8D100110060 /* WeatherData.swift in Sources */,
				21782B2326C41C1A000C0603 /* MainCityWeatherView.swift in Sources */,
				2101390826BA6B4300110060 /* WeatherApp.swift in Sources */,
			);
			runOnlyForDeploymentPostprocessing = 0;
		};
/* End PBXSourcesBuildPhase section */

/* Begin XCBuildConfiguration section */
		2101391126BA6B4400110060 /* Debug */ = {
			isa = XCBuildConfiguration;
			buildSettings = {
				ALWAYS_SEARCH_USER_PATHS = NO;
				CLANG_ANALYZER_NONNULL = YES;
				CLANG_ANALYZER_NUMBER_OBJECT_CONVERSION = YES_AGGRESSIVE;
				CLANG_CXX_LANGUAGE_STANDARD = "gnu++14";
				CLANG_CXX_LIBRARY = "libc++";
				CLANG_ENABLE_MODULES = YES;
				CLANG_ENABLE_OBJC_ARC = YES;
				CLANG_ENABLE_OBJC_WEAK = YES;
				CLANG_WARN_BLOCK_CAPTURE_AUTORELEASING = YES;
				CLANG_WARN_BOOL_CONVERSION = YES;
				CLANG_WARN_COMMA = YES;
				CLANG_WARN_CONSTANT_CONVERSION = YES;
				CLANG_WARN_DEPRECATED_OBJC_IMPLEMENTATIONS = YES;
				CLANG_WARN_DIRECT_OBJC_ISA_USAGE = YES_ERROR;
				CLANG_WARN_DOCUMENTATION_COMMENTS = YES;
				CLANG_WARN_EMPTY_BODY = YES;
				CLANG_WARN_ENUM_CONVERSION = YES;
				CLANG_WARN_INFINITE_RECURSION = YES;
				CLANG_WARN_INT_CONVERSION = YES;
				CLANG_WARN_NON_LITERAL_NULL_CONVERSION = YES;
				CLANG_WARN_OBJC_IMPLICIT_RETAIN_SELF = YES;
				CLANG_WARN_OBJC_LITERAL_CONVERSION = YES;
				CLANG_WARN_OBJC_ROOT_CLASS = YES_ERROR;
				CLANG_WARN_QUOTED_INCLUDE_IN_FRAMEWORK_HEADER = YES;
				CLANG_WARN_RANGE_LOOP_ANALYSIS = YES;
				CLANG_WARN_STRICT_PROTOTYPES = YES;
				CLANG_WARN_SUSPICIOUS_MOVE = YES;
				CLANG_WARN_UNGUARDED_AVAILABILITY = YES_AGGRESSIVE;
				CLANG_WARN_UNREACHABLE_CODE = YES;
				CLANG_WARN__DUPLICATE_METHOD_MATCH = YES;
				COPY_PHASE_STRIP = NO;
				DEBUG_INFORMATION_FORMAT = dwarf;
				ENABLE_STRICT_OBJC_MSGSEND = YES;
				ENABLE_TESTABILITY = YES;
				GCC_C_LANGUAGE_STANDARD = gnu11;
				GCC_DYNAMIC_NO_PIC = NO;
				GCC_NO_COMMON_BLOCKS = YES;
				GCC_OPTIMIZATION_LEVEL = 0;
				GCC_PREPROCESSOR_DEFINITIONS = (
					"DEBUG=1",
					"$(inherited)",
				);
				GCC_WARN_64_TO_32_BIT_CONVERSION = YES;
				GCC_WARN_ABOUT_RETURN_TYPE = YES_ERROR;
				GCC_WARN_UNDECLARED_SELECTOR = YES;
				GCC_WARN_UNINITIALIZED_AUTOS = YES_AGGRESSIVE;
				GCC_WARN_UNUSED_FUNCTION = YES;
				GCC_WARN_UNUSED_VARIABLE = YES;
				IPHONEOS_DEPLOYMENT_TARGET = 15.0;
				MTL_ENABLE_DEBUG_INFO = INCLUDE_SOURCE;
				MTL_FAST_MATH = YES;
				ONLY_ACTIVE_ARCH = YES;
				SDKROOT = iphoneos;
				SWIFT_ACTIVE_COMPILATION_CONDITIONS = DEBUG;
				SWIFT_OPTIMIZATION_LEVEL = "-Onone";
			};
			name = Debug;
		};
		2101391226BA6B4400110060 /* Release */ = {
			isa = XCBuildConfiguration;
			buildSettings = {
				ALWAYS_SEARCH_USER_PATHS = NO;
				CLANG_ANALYZER_NONNULL = YES;
				CLANG_ANALYZER_NUMBER_OBJECT_CONVERSION = YES_AGGRESSIVE;
				CLANG_CXX_LANGUAGE_STANDARD = "gnu++14";
				CLANG_CXX_LIBRARY = "libc++";
				CLANG_ENABLE_MODULES = YES;
				CLANG_ENABLE_OBJC_ARC = YES;
				CLANG_ENABLE_OBJC_WEAK = YES;
				CLANG_WARN_BLOCK_CAPTURE_AUTORELEASING = YES;
				CLANG_WARN_BOOL_CONVERSION = YES;
				CLANG_WARN_COMMA = YES;
				CLANG_WARN_CONSTANT_CONVERSION = YES;
				CLANG_WARN_DEPRECATED_OBJC_IMPLEMENTATIONS = YES;
				CLANG_WARN_DIRECT_OBJC_ISA_USAGE = YES_ERROR;
				CLANG_WARN_DOCUMENTATION_COMMENTS = YES;
				CLANG_WARN_EMPTY_BODY = YES;
				CLANG_WARN_ENUM_CONVERSION = YES;
				CLANG_WARN_INFINITE_RECURSION = YES;
				CLANG_WARN_INT_CONVERSION = YES;
				CLANG_WARN_NON_LITERAL_NULL_CONVERSION = YES;
				CLANG_WARN_OBJC_IMPLICIT_RETAIN_SELF = YES;
				CLANG_WARN_OBJC_LITERAL_CONVERSION = YES;
				CLANG_WARN_OBJC_ROOT_CLASS = YES_ERROR;
				CLANG_WARN_QUOTED_INCLUDE_IN_FRAMEWORK_HEADER = YES;
				CLANG_WARN_RANGE_LOOP_ANALYSIS = YES;
				CLANG_WARN_STRICT_PROTOTYPES = YES;
				CLANG_WARN_SUSPICIOUS_MOVE = YES;
				CLANG_WARN_UNGUARDED_AVAILABILITY = YES_AGGRESSIVE;
				CLANG_WARN_UNREACHABLE_CODE = YES;
				CLANG_WARN__DUPLICATE_METHOD_MATCH = YES;
				COPY_PHASE_STRIP = NO;
				DEBUG_INFORMATION_FORMAT = "dwarf-with-dsym";
				ENABLE_NS_ASSERTIONS = NO;
				ENABLE_STRICT_OBJC_MSGSEND = YES;
				GCC_C_LANGUAGE_STANDARD = gnu11;
				GCC_NO_COMMON_BLOCKS = YES;
				GCC_WARN_64_TO_32_BIT_CONVERSION = YES;
				GCC_WARN_ABOUT_RETURN_TYPE = YES_ERROR;
				GCC_WARN_UNDECLARED_SELECTOR = YES;
				GCC_WARN_UNINITIALIZED_AUTOS = YES_AGGRESSIVE;
				GCC_WARN_UNUSED_FUNCTION = YES;
				GCC_WARN_UNUSED_VARIABLE = YES;
				IPHONEOS_DEPLOYMENT_TARGET = 15.0;
				MTL_ENABLE_DEBUG_INFO = NO;
				MTL_FAST_MATH = YES;
				SDKROOT = iphoneos;
				SWIFT_COMPILATION_MODE = wholemodule;
				SWIFT_OPTIMIZATION_LEVEL = "-O";
				VALIDATE_PRODUCT = YES;
			};
			name = Release;
		};
		2101391426BA6B4400110060 /* Debug */ = {
			isa = XCBuildConfiguration;
			buildSettings = {
				ASSETCATALOG_COMPILER_APPICON_NAME = AppIcon;
				ASSETCATALOG_COMPILER_GLOBAL_ACCENT_COLOR_NAME = AccentColor;
				ASSETCATALOG_COMPILER_INCLUDE_ALL_APPICON_ASSETS = NO;
				CODE_SIGN_STYLE = Automatic;
				DEVELOPMENT_ASSET_PATHS = "\"WeatherApp/Preview Content\"";
				DEVELOPMENT_TEAM = 3S22TUWT2S;
				ENABLE_PREVIEWS = YES;
				INFOPLIST_FILE = WeatherApp/Info.plist;
				IPHONEOS_DEPLOYMENT_TARGET = 15.0;
				LD_RUNPATH_SEARCH_PATHS = (
					"$(inherited)",
					"@executable_path/Frameworks",
				);
				PRODUCT_BUNDLE_IDENTIFIER = com.irminrics.github.Weather;
				PRODUCT_NAME = "$(TARGET_NAME)";
				SWIFT_VERSION = 5.0;
				TARGETED_DEVICE_FAMILY = 1;
			};
			name = Debug;
		};
		2101391526BA6B4400110060 /* Release */ = {
			isa = XCBuildConfiguration;
			buildSettings = {
				ASSETCATALOG_COMPILER_APPICON_NAME = AppIcon;
				ASSETCATALOG_COMPILER_GLOBAL_ACCENT_COLOR_NAME = AccentColor;
				ASSETCATALOG_COMPILER_INCLUDE_ALL_APPICON_ASSETS = NO;
				CODE_SIGN_STYLE = Automatic;
				DEVELOPMENT_ASSET_PATHS = "\"WeatherApp/Preview Content\"";
				DEVELOPMENT_TEAM = 3S22TUWT2S;
				ENABLE_PREVIEWS = YES;
				INFOPLIST_FILE = WeatherApp/Info.plist;
				IPHONEOS_DEPLOYMENT_TARGET = 15.0;
				LD_RUNPATH_SEARCH_PATHS = (
					"$(inherited)",
					"@executable_path/Frameworks",
				);
				PRODUCT_BUNDLE_IDENTIFIER = com.irminrics.github.Weather;
				PRODUCT_NAME = "$(TARGET_NAME)";
				SWIFT_VERSION = 5.0;
				TARGETED_DEVICE_FAMILY = 1;
			};
			name = Release;
		};
/* End XCBuildConfiguration section */

/* Begin XCConfigurationList section */
		210138FF26BA6B4300110060 /* Build configuration list for PBXProject "WeatherApp" */ = {
			isa = XCConfigurationList;
			buildConfigurations = (
				2101391126BA6B4400110060 /* Debug */,
				2101391226BA6B4400110060 /* Release */,
			);
			defaultConfigurationIsVisible = 0;
			defaultConfigurationName = Release;
		};
		2101391326BA6B4400110060 /* Build configuration list for PBXNativeTarget "WeatherApp" */ = {
			isa = XCConfigurationList;
			buildConfigurations = (
				2101391426BA6B4400110060 /* Debug */,
				2101391526BA6B4400110060 /* Release */,
			);
			defaultConfigurationIsVisible = 0;
			defaultConfigurationName = Release;
		};
/* End XCConfigurationList section */
	};
	rootObject = 210138FC26BA6B4300110060 /* Project object */;
}
